// !$*UTF8*$!
{
	archiveVersion = 1;
	classes = {
	};
	objectVersion = 50;
	objects = {

/* Begin PBXBuildFile section */
		B774AC022464148E005387D1 /* AppDelegate.swift in Sources */ = {isa = PBXBuildFile; fileRef = B774AC012464148E005387D1 /* AppDelegate.swift */; };
		B774AC042464148E005387D1 /* SceneDelegate.swift in Sources */ = {isa = PBXBuildFile; fileRef = B774AC032464148E005387D1 /* SceneDelegate.swift */; };
		B774AC062464148E005387D1 /* ViewController.swift in Sources */ = {isa = PBXBuildFile; fileRef = B774AC052464148E005387D1 /* ViewController.swift */; };
		B774AC092464148E005387D1 /* Main.storyboard in Resources */ = {isa = PBXBuildFile; fileRef = B774AC072464148E005387D1 /* Main.storyboard */; };
		B774AC0B2464148F005387D1 /* Assets.xcassets in Resources */ = {isa = PBXBuildFile; fileRef = B774AC0A2464148F005387D1 /* Assets.xcassets */; };
		B774AC0E2464148F005387D1 /* LaunchScreen.storyboard in Resources */ = {isa = PBXBuildFile; fileRef = B774AC0C2464148F005387D1 /* LaunchScreen.storyboard */; };
		B774AC212464166D005387D1 /* detalhe_contato.png in Resources */ = {isa = PBXBuildFile; fileRef = B774AC162464166D005387D1 /* detalhe_contato.png */; };
		B774AC222464166D005387D1 /* menu_contato.png in Resources */ = {isa = PBXBuildFile; fileRef = B774AC172464166D005387D1 /* menu_contato.png */; };
		B774AC232464166D005387D1 /* cliente2.png in Resources */ = {isa = PBXBuildFile; fileRef = B774AC182464166D005387D1 /* cliente2.png */; };
		B774AC242464166D005387D1 /* logo.png in Resources */ = {isa = PBXBuildFile; fileRef = B774AC192464166D005387D1 /* logo.png */; };
		B774AC252464166D005387D1 /* detalhe_cliente.png in Resources */ = {isa = PBXBuildFile; fileRef = B774AC1A2464166D005387D1 /* detalhe_cliente.png */; };
		B774AC262464166D005387D1 /* menu_cliente.png in Resources */ = {isa = PBXBuildFile; fileRef = B774AC1B2464166D005387D1 /* menu_cliente.png */; };
		B774AC272464166D005387D1 /* menu_empresa.png in Resources */ = {isa = PBXBuildFile; fileRef = B774AC1C2464166D005387D1 /* menu_empresa.png */; };
		B774AC282464166D005387D1 /* detalhe_empresa.png in Resources */ = {isa = PBXBuildFile; fileRef = B774AC1D2464166D005387D1 /* detalhe_empresa.png */; };
		B774AC292464166D005387D1 /* cliente1.png in Resources */ = {isa = PBXBuildFile; fileRef = B774AC1E2464166D005387D1 /* cliente1.png */; };
		B774AC2A2464166D005387D1 /* menu_servico.png in Resources */ = {isa = PBXBuildFile; fileRef = B774AC1F2464166D005387D1 /* menu_servico.png */; };
		B774AC2B2464166D005387D1 /* detalhe_servico.png in Resources */ = {isa = PBXBuildFile; fileRef = B774AC202464166D005387D1 /* detalhe_servico.png */; };
/* End PBXBuildFile section */

/* Begin PBXFileReference section */
		B774ABFE2464148E005387D1 /* atmconsultoria.app */ = {isa = PBXFileReference; explicitFileType = wrapper.application; includeInIndex = 0; path = atmconsultoria.app; sourceTree = BUILT_PRODUCTS_DIR; };
		B774AC012464148E005387D1 /* AppDelegate.swift */ = {isa = PBXFileReference; lastKnownFileType = sourcecode.swift; path = AppDelegate.swift; sourceTree = "<group>"; };
		B774AC032464148E005387D1 /* SceneDelegate.swift */ = {isa = PBXFileReference; lastKnownFileType = sourcecode.swift; path = SceneDelegate.swift; sourceTree = "<group>"; };
		B774AC052464148E005387D1 /* ViewController.swift */ = {isa = PBXFileReference; lastKnownFileType = sourcecode.swift; path = ViewController.swift; sourceTree = "<group>"; };
		B774AC082464148E005387D1 /* Base */ = {isa = PBXFileReference; lastKnownFileType = file.storyboard; name = Base; path = Base.lproj/Main.storyboard; sourceTree = "<group>"; };
		B774AC0A2464148F005387D1 /* Assets.xcassets */ = {isa = PBXFileReference; lastKnownFileType = folder.assetcatalog; path = Assets.xcassets; sourceTree = "<group>"; };
		B774AC0D2464148F005387D1 /* Base */ = {isa = PBXFileReference; lastKnownFileType = file.storyboard; name = Base; path = Base.lproj/LaunchScreen.storyboard; sourceTree = "<group>"; };
		B774AC0F2464148F005387D1 /* Info.plist */ = {isa = PBXFileReference; lastKnownFileType = text.plist.xml; path = Info.plist; sourceTree = "<group>"; };
		B774AC162464166D005387D1 /* detalhe_contato.png */ = {isa = PBXFileReference; lastKnownFileType = image.png; name = detalhe_contato.png; path = "resources/imagens-institucional/detalhe_contato.png"; sourceTree = SOURCE_ROOT; };
		B774AC172464166D005387D1 /* menu_contato.png */ = {isa = PBXFileReference; lastKnownFileType = image.png; name = menu_contato.png; path = "resources/imagens-institucional/menu_contato.png"; sourceTree = SOURCE_ROOT; };
		B774AC182464166D005387D1 /* cliente2.png */ = {isa = PBXFileReference; lastKnownFileType = image.png; name = cliente2.png; path = "resources/imagens-institucional/cliente2.png"; sourceTree = SOURCE_ROOT; };
		B774AC192464166D005387D1 /* logo.png */ = {isa = PBXFileReference; lastKnownFileType = image.png; name = logo.png; path = "resources/imagens-institucional/logo.png"; sourceTree = SOURCE_ROOT; };
		B774AC1A2464166D005387D1 /* detalhe_cliente.png */ = {isa = PBXFileReference; lastKnownFileType = image.png; name = detalhe_cliente.png; path = "resources/imagens-institucional/detalhe_cliente.png"; sourceTree = SOURCE_ROOT; };
		B774AC1B2464166D005387D1 /* menu_cliente.png */ = {isa = PBXFileReference; lastKnownFileType = image.png; name = menu_cliente.png; path = "resources/imagens-institucional/menu_cliente.png"; sourceTree = SOURCE_ROOT; };
		B774AC1C2464166D005387D1 /* menu_empresa.png */ = {isa = PBXFileReference; lastKnownFileType = image.png; name = menu_empresa.png; path = "resources/imagens-institucional/menu_empresa.png"; sourceTree = SOURCE_ROOT; };
		B774AC1D2464166D005387D1 /* detalhe_empresa.png */ = {isa = PBXFileReference; lastKnownFileType = image.png; name = detalhe_empresa.png; path = "resources/imagens-institucional/detalhe_empresa.png"; sourceTree = SOURCE_ROOT; };
		B774AC1E2464166D005387D1 /* cliente1.png */ = {isa = PBXFileReference; lastKnownFileType = image.png; name = cliente1.png; path = "resources/imagens-institucional/cliente1.png"; sourceTree = SOURCE_ROOT; };
		B774AC1F2464166D005387D1 /* menu_servico.png */ = {isa = PBXFileReference; lastKnownFileType = image.png; name = menu_servico.png; path = "resources/imagens-institucional/menu_servico.png"; sourceTree = SOURCE_ROOT; };
		B774AC202464166D005387D1 /* detalhe_servico.png */ = {isa = PBXFileReference; lastKnownFileType = image.png; name = detalhe_servico.png; path = "resources/imagens-institucional/detalhe_servico.png"; sourceTree = SOURCE_ROOT; };
/* End PBXFileReference section */

/* Begin PBXFrameworksBuildPhase section */
		B774ABFB2464148E005387D1 /* Frameworks */ = {
			isa = PBXFrameworksBuildPhase;
			buildActionMask = 2147483647;
			files = (
			);
			runOnlyForDeploymentPostprocessing = 0;
		};
/* End PBXFrameworksBuildPhase section */

/* Begin PBXGroup section */
		B774ABF52464148E005387D1 = {
			isa = PBXGroup;
			children = (
				B774AC002464148E005387D1 /* atmconsultoria */,
				B774ABFF2464148E005387D1 /* Products */,
			);
			sourceTree = "<group>";
		};
		B774ABFF2464148E005387D1 /* Products */ = {
			isa = PBXGroup;
			children = (
				B774ABFE2464148E005387D1 /* atmconsultoria.app */,
			);
			name = Products;
			sourceTree = "<group>";
		};
		B774AC002464148E005387D1 /* atmconsultoria */ = {
			isa = PBXGroup;
			children = (
				B774AC15246415F2005387D1 /* resources */,
				B774AC012464148E005387D1 /* AppDelegate.swift */,
				B774AC032464148E005387D1 /* SceneDelegate.swift */,
				B774AC052464148E005387D1 /* ViewController.swift */,
				B774AC072464148E005387D1 /* Main.storyboard */,
				B774AC0A2464148F005387D1 /* Assets.xcassets */,
				B774AC0C2464148F005387D1 /* LaunchScreen.storyboard */,
				B774AC0F2464148F005387D1 /* Info.plist */,
			);
			path = atmconsultoria;
			sourceTree = "<group>";
		};
		B774AC15246415F2005387D1 /* resources */ = {
			isa = PBXGroup;
			children = (
				B774AC1E2464166D005387D1 /* cliente1.png */,
				B774AC182464166D005387D1 /* cliente2.png */,
				B774AC1A2464166D005387D1 /* detalhe_cliente.png */,
				B774AC162464166D005387D1 /* detalhe_contato.png */,
				B774AC1D2464166D005387D1 /* detalhe_empresa.png */,
				B774AC202464166D005387D1 /* detalhe_servico.png */,
				B774AC192464166D005387D1 /* logo.png */,
				B774AC1B2464166D005387D1 /* menu_cliente.png */,
				B774AC172464166D005387D1 /* menu_contato.png */,
				B774AC1C2464166D005387D1 /* menu_empresa.png */,
				B774AC1F2464166D005387D1 /* menu_servico.png */,
			);
			path = resources;
			sourceTree = "<group>";
		};
/* End PBXGroup section */

/* Begin PBXNativeTarget section */
		B774ABFD2464148E005387D1 /* atmconsultoria */ = {
			isa = PBXNativeTarget;
			buildConfigurationList = B774AC122464148F005387D1 /* Build configuration list for PBXNativeTarget "atmconsultoria" */;
			buildPhases = (
				B774ABFA2464148E005387D1 /* Sources */,
				B774ABFB2464148E005387D1 /* Frameworks */,
				B774ABFC2464148E005387D1 /* Resources */,
			);
			buildRules = (
			);
			dependencies = (
			);
			name = atmconsultoria;
			productName = atmconsultoria;
			productReference = B774ABFE2464148E005387D1 /* atmconsultoria.app */;
			productType = "com.apple.product-type.application";
		};
/* End PBXNativeTarget section */

/* Begin PBXProject section */
		B774ABF62464148E005387D1 /* Project object */ = {
			isa = PBXProject;
			attributes = {
				LastSwiftUpdateCheck = 1140;
				LastUpgradeCheck = 1140;
				ORGANIZATIONNAME = "Anderson Matuchenko";
				TargetAttributes = {
					B774ABFD2464148E005387D1 = {
						CreatedOnToolsVersion = 11.4.1;
					};
				};
			};
			buildConfigurationList = B774ABF92464148E005387D1 /* Build configuration list for PBXProject "atmconsultoria" */;
			compatibilityVersion = "Xcode 9.3";
			developmentRegion = en;
			hasScannedForEncodings = 0;
			knownRegions = (
				en,
				Base,
			);
			mainGroup = B774ABF52464148E005387D1;
			productRefGroup = B774ABFF2464148E005387D1 /* Products */;
			projectDirPath = "";
			projectRoot = "";
			targets = (
				B774ABFD2464148E005387D1 /* atmconsultoria */,
			);
		};
/* End PBXProject section */

/* Begin PBXResourcesBuildPhase section */
		B774ABFC2464148E005387D1 /* Resources */ = {
			isa = PBXResourcesBuildPhase;
			buildActionMask = 2147483647;
			files = (
				B774AC262464166D005387D1 /* menu_cliente.png in Resources */,
				B774AC252464166D005387D1 /* detalhe_cliente.png in Resources */,
				B774AC2A2464166D005387D1 /* menu_servico.png in Resources */,
				B774AC212464166D005387D1 /* detalhe_contato.png in Resources */,
				B774AC282464166D005387D1 /* detalhe_empresa.png in Resources */,
				B774AC292464166D005387D1 /* cliente1.png in Resources */,
				B774AC232464166D005387D1 /* cliente2.png in Resources */,
				B774AC0E2464148F005387D1 /* LaunchScreen.storyboard in Resources */,
				B774AC0B2464148F005387D1 /* Assets.xcassets in Resources */,
				B774AC242464166D005387D1 /* logo.png in Resources */,
				B774AC222464166D005387D1 /* menu_contato.png in Resources */,
				B774AC2B2464166D005387D1 /* detalhe_servico.png in Resources */,
				B774AC272464166D005387D1 /* menu_empresa.png in Resources */,
				B774AC092464148E005387D1 /* Main.storyboard in Resources */,
			);
			runOnlyForDeploymentPostprocessing = 0;
		};
/* End PBXResourcesBuildPhase section */

/* Begin PBXSourcesBuildPhase section */
		B774ABFA2464148E005387D1 /* Sources */ = {
			isa = PBXSourcesBuildPhase;
			buildActionMask = 2147483647;
			files = (
				B774AC062464148E005387D1 /* ViewController.swift in Sources */,
				B774AC022464148E005387D1 /* AppDelegate.swift in Sources */,
				B774AC042464148E005387D1 /* SceneDelegate.swift in Sources */,
			);
			runOnlyForDeploymentPostprocessing = 0;
		};
/* End PBXSourcesBuildPhase section */

/* Begin PBXVariantGroup section */
		B774AC072464148E005387D1 /* Main.storyboard */ = {
			isa = PBXVariantGroup;
			children = (
				B774AC082464148E005387D1 /* Base */,
			);
			name = Main.storyboard;
			sourceTree = "<group>";
		};
		B774AC0C2464148F005387D1 /* LaunchScreen.storyboard */ = {
			isa = PBXVariantGroup;
			children = (
				B774AC0D2464148F005387D1 /* Base */,
			);
			name = LaunchScreen.storyboard;
			sourceTree = "<group>";
		};
/* End PBXVariantGroup section */

/* Begin XCBuildConfiguration section */
		B774AC102464148F005387D1 /* Debug */ = {
			isa = XCBuildConfiguration;
			buildSettings = {
				ALWAYS_SEARCH_USER_PATHS = NO;
				CLANG_ANALYZER_NONNULL = YES;
				CLANG_ANALYZER_NUMBER_OBJECT_CONVERSION = YES_AGGRESSIVE;
				CLANG_CXX_LANGUAGE_STANDARD = "gnu++14";
				CLANG_CXX_LIBRARY = "libc++";
				CLANG_ENABLE_MODULES = YES;
				CLANG_ENABLE_OBJC_ARC = YES;
				CLANG_ENABLE_OBJC_WEAK = YES;
				CLANG_WARN_BLOCK_CAPTURE_AUTORELEASING = YES;
				CLANG_WARN_BOOL_CONVERSION = YES;
				CLANG_WARN_COMMA = YES;
				CLANG_WARN_CONSTANT_CONVERSION = YES;
				CLANG_WARN_DEPRECATED_OBJC_IMPLEMENTATIONS = YES;
				CLANG_WARN_DIRECT_OBJC_ISA_USAGE = YES_ERROR;
				CLANG_WARN_DOCUMENTATION_COMMENTS = YES;
				CLANG_WARN_EMPTY_BODY = YES;
				CLANG_WARN_ENUM_CONVERSION = YES;
				CLANG_WARN_INFINITE_RECURSION = YES;
				CLANG_WARN_INT_CONVERSION = YES;
				CLANG_WARN_NON_LITERAL_NULL_CONVERSION = YES;
				CLANG_WARN_OBJC_IMPLICIT_RETAIN_SELF = YES;
				CLANG_WARN_OBJC_LITERAL_CONVERSION = YES;
				CLANG_WARN_OBJC_ROOT_CLASS = YES_ERROR;
				CLANG_WARN_RANGE_LOOP_ANALYSIS = YES;
				CLANG_WARN_STRICT_PROTOTYPES = YES;
				CLANG_WARN_SUSPICIOUS_MOVE = YES;
				CLANG_WARN_UNGUARDED_AVAILABILITY = YES_AGGRESSIVE;
				CLANG_WARN_UNREACHABLE_CODE = YES;
				CLANG_WARN__DUPLICATE_METHOD_MATCH = YES;
				COPY_PHASE_STRIP = NO;
				DEBUG_INFORMATION_FORMAT = dwarf;
				ENABLE_STRICT_OBJC_MSGSEND = YES;
				ENABLE_TESTABILITY = YES;
				GCC_C_LANGUAGE_STANDARD = gnu11;
				GCC_DYNAMIC_NO_PIC = NO;
				GCC_NO_COMMON_BLOCKS = YES;
				GCC_OPTIMIZATION_LEVEL = 0;
				GCC_PREPROCESSOR_DEFINITIONS = (
					"DEBUG=1",
					"$(inherited)",
				);
				GCC_WARN_64_TO_32_BIT_CONVERSION = YES;
				GCC_WARN_ABOUT_RETURN_TYPE = YES_ERROR;
				GCC_WARN_UNDECLARED_SELECTOR = YES;
				GCC_WARN_UNINITIALIZED_AUTOS = YES_AGGRESSIVE;
				GCC_WARN_UNUSED_FUNCTION = YES;
				GCC_WARN_UNUSED_VARIABLE = YES;
				IPHONEOS_DEPLOYMENT_TARGET = 13.4;
				MTL_ENABLE_DEBUG_INFO = INCLUDE_SOURCE;
				MTL_FAST_MATH = YES;
				ONLY_ACTIVE_ARCH = YES;
				SDKROOT = iphoneos;
				SWIFT_ACTIVE_COMPILATION_CONDITIONS = DEBUG;
				SWIFT_OPTIMIZATION_LEVEL = "-Onone";
			};
			name = Debug;
		};
		B774AC112464148F005387D1 /* Release */ = {
			isa = XCBuildConfiguration;
			buildSettings = {
				ALWAYS_SEARCH_USER_PATHS = NO;
				CLANG_ANALYZER_NONNULL = YES;
				CLANG_ANALYZER_NUMBER_OBJECT_CONVERSION = YES_AGGRESSIVE;
				CLANG_CXX_LANGUAGE_STANDARD = "gnu++14";
				CLANG_CXX_LIBRARY = "libc++";
				CLANG_ENABLE_MODULES = YES;
				CLANG_ENABLE_OBJC_ARC = YES;
				CLANG_ENABLE_OBJC_WEAK = YES;
				CLANG_WARN_BLOCK_CAPTURE_AUTORELEASING = YES;
				CLANG_WARN_BOOL_CONVERSION = YES;
				CLANG_WARN_COMMA = YES;
				CLANG_WARN_CONSTANT_CONVERSION = YES;
				CLANG_WARN_DEPRECATED_OBJC_IMPLEMENTATIONS = YES;
				CLANG_WARN_DIRECT_OBJC_ISA_USAGE = YES_ERROR;
				CLANG_WARN_DOCUMENTATION_COMMENTS = YES;
				CLANG_WARN_EMPTY_BODY = YES;
				CLANG_WARN_ENUM_CONVERSION = YES;
				CLANG_WARN_INFINITE_RECURSION = YES;
				CLANG_WARN_INT_CONVERSION = YES;
				CLANG_WARN_NON_LITERAL_NULL_CONVERSION = YES;
				CLANG_WARN_OBJC_IMPLICIT_RETAIN_SELF = YES;
				CLANG_WARN_OBJC_LITERAL_CONVERSION = YES;
				CLANG_WARN_OBJC_ROOT_CLASS = YES_ERROR;
				CLANG_WARN_RANGE_LOOP_ANALYSIS = YES;
				CLANG_WARN_STRICT_PROTOTYPES = YES;
				CLANG_WARN_SUSPICIOUS_MOVE = YES;
				CLANG_WARN_UNGUARDED_AVAILABILITY = YES_AGGRESSIVE;
				CLANG_WARN_UNREACHABLE_CODE = YES;
				CLANG_WARN__DUPLICATE_METHOD_MATCH = YES;
				COPY_PHASE_STRIP = NO;
				DEBUG_INFORMATION_FORMAT = "dwarf-with-dsym";
				ENABLE_NS_ASSERTIONS = NO;
				ENABLE_STRICT_OBJC_MSGSEND = YES;
				GCC_C_LANGUAGE_STANDARD = gnu11;
				GCC_NO_COMMON_BLOCKS = YES;
				GCC_WARN_64_TO_32_BIT_CONVERSION = YES;
				GCC_WARN_ABOUT_RETURN_TYPE = YES_ERROR;
				GCC_WARN_UNDECLARED_SELECTOR = YES;
				GCC_WARN_UNINITIALIZED_AUTOS = YES_AGGRESSIVE;
				GCC_WARN_UNUSED_FUNCTION = YES;
				GCC_WARN_UNUSED_VARIABLE = YES;
				IPHONEOS_DEPLOYMENT_TARGET = 13.4;
				MTL_ENABLE_DEBUG_INFO = NO;
				MTL_FAST_MATH = YES;
				SDKROOT = iphoneos;
				SWIFT_COMPILATION_MODE = wholemodule;
				SWIFT_OPTIMIZATION_LEVEL = "-O";
				VALIDATE_PRODUCT = YES;
			};
			name = Release;
		};
		B774AC132464148F005387D1 /* Debug */ = {
			isa = XCBuildConfiguration;
			buildSettings = {
				ASSETCATALOG_COMPILER_APPICON_NAME = AppIcon;
				CODE_SIGN_STYLE = Automatic;
				DEVELOPMENT_TEAM = 2H9S76H3DG;
				INFOPLIST_FILE = atmconsultoria/Info.plist;
				LD_RUNPATH_SEARCH_PATHS = (
					"$(inherited)",
					"@executable_path/Frameworks",
				);
				PRODUCT_BUNDLE_IDENTIFIER = com.cirrastec.atmconsultoria;
				PRODUCT_NAME = "$(TARGET_NAME)";
				SWIFT_VERSION = 5.0;
				TARGETED_DEVICE_FAMILY = "1,2";
			};
			name = Debug;
		};
		B774AC142464148F005387D1 /* Release */ = {
			isa = XCBuildConfiguration;
			buildSettings = {
				ASSETCATALOG_COMPILER_APPICON_NAME = AppIcon;
				CODE_SIGN_STYLE = Automatic;
				DEVELOPMENT_TEAM = 2H9S76H3DG;
				INFOPLIST_FILE = atmconsultoria/Info.plist;
				LD_RUNPATH_SEARCH_PATHS = (
					"$(inherited)",
					"@executable_path/Frameworks",
				);
				PRODUCT_BUNDLE_IDENTIFIER = com.cirrastec.atmconsultoria;
				PRODUCT_NAME = "$(TARGET_NAME)";
				SWIFT_VERSION = 5.0;
				TARGETED_DEVICE_FAMILY = "1,2";
			};
			name = Release;
		};
/* End XCBuildConfiguration section */

/* Begin XCConfigurationList section */
		B774ABF92464148E005387D1 /* Build configuration list for PBXProject "atmconsultoria" */ = {
			isa = XCConfigurationList;
			buildConfigurations = (
				B774AC102464148F005387D1 /* Debug */,
				B774AC112464148F005387D1 /* Release */,
			);
			defaultConfigurationIsVisible = 0;
			defaultConfigurationName = Release;
		};
		B774AC122464148F005387D1 /* Build configuration list for PBXNativeTarget "atmconsultoria" */ = {
			isa = XCConfigurationList;
			buildConfigurations = (
				B774AC132464148F005387D1 /* Debug */,
				B774AC142464148F005387D1 /* Release */,
			);
			defaultConfigurationIsVisible = 0;
			defaultConfigurationName = Release;
		};
/* End XCConfigurationList section */
	};
	rootObject = B774ABF62464148E005387D1 /* Project object */;
}
